{
    "name": "cajon",
    "version": "1.0.0",
    "lockfileVersion": 3,
    "requires": true,
    "packages": {
        "": {
            "name": "cajon",
            "version": "1.0.0",
            "license": "ISC",
            "dependencies": {
                "ansi-styles": "^6.2.3",
                "cleye": "^2.0.0",
                "which": "^5.0.0",
                "zod": "^4.1.12"
            },
            "bin": {
                "cajon": "dist/index.js"
            },
            "devDependencies": {
                "@tsconfig/strictest": "^2.0.7",
                "@types/node": "^24.10.0",
                "@types/which": "^3.0.4",
                "prettier": "^3.6.2",
                "typescript": "^5.9.3"
            }
        },
        "node_modules/@tsconfig/strictest": {
            "version": "2.0.7",
            "resolved": "https://registry.npmjs.org/@tsconfig/strictest/-/strictest-2.0.7.tgz",
            "integrity": "sha512-lG1bXQloBVvQXasPBZSBaWbs7GNW4txZMYs7XMUVzM0s4seCbJACYBPFIRpGNVD3gC8gndK00AZON1uBrJt4Fw==",
            "dev": true,
            "license": "MIT"
        },
        "node_modules/@types/node": {
            "version": "24.10.0",
            "resolved": "https://registry.npmjs.org/@types/node/-/node-24.10.0.tgz",
            "integrity": "sha512-qzQZRBqkFsYyaSWXuEHc2WR9c0a0CXwiE5FWUvn7ZM+vdy1uZLfCunD38UzhuB7YN/J11ndbDBcTmOdxJo9Q7A==",
            "dev": true,
            "license": "MIT",
            "dependencies": {
                "undici-types": "~7.16.0"
            }
        },
        "node_modules/@types/which": {
            "version": "3.0.4",
            "resolved": "https://registry.npmjs.org/@types/which/-/which-3.0.4.tgz",
            "integrity": "sha512-liyfuo/106JdlgSchJzXEQCVArk0CvevqPote8F8HgWgJ3dRCcTHgJIsLDuee0kxk/mhbInzIZk3QWSZJ8R+2w==",
            "dev": true,
            "license": "MIT"
        },
        "node_modules/ansi-styles": {
            "version": "6.2.3",
            "resolved": "https://registry.npmjs.org/ansi-styles/-/ansi-styles-6.2.3.tgz",
            "integrity": "sha512-4Dj6M28JB+oAH8kFkTLUo+a2jwOFkuqb3yucU0CANcRRUbxS0cP0nZYCGjcc3BNXwRIsUVmDGgzawme7zvJHvg==",
            "license": "MIT",
            "engines": {
                "node": ">=12"
            },
            "funding": {
                "url": "https://github.com/chalk/ansi-styles?sponsor=1"
            }
        },
        "node_modules/cleye": {
            "version": "2.0.0",
            "resolved": "https://registry.npmjs.org/cleye/-/cleye-2.0.0.tgz",
            "integrity": "sha512-O4pienLd7x3kzjdhzz0nIEmPuX84I1C1UjLPdMe+0TebP2aTuPoXx15zvLMgSUIn+ZAJJzH9cH4aEVA1bDdmsA==",
            "license": "MIT",
            "dependencies": {
                "terminal-columns": "^2.0.0",
                "type-flag": "^4.0.1"
            },
            "funding": {
                "url": "https://github.com/privatenumber/cleye?sponsor=1"
            }
        },
        "node_modules/isexe": {
            "version": "3.1.1",
            "resolved": "https://registry.npmjs.org/isexe/-/isexe-3.1.1.tgz",
            "integrity": "sha512-LpB/54B+/2J5hqQ7imZHfdU31OlgQqx7ZicVlkm9kzg9/w8GKLEcFfJl/t7DCEDueOyBAD6zCCwTO6Fzs0NoEQ==",
            "license": "ISC",
            "engines": {
                "node": ">=16"
            }
        },
        "node_modules/prettier": {
            "version": "3.6.2",
            "resolved": "https://registry.npmjs.org/prettier/-/prettier-3.6.2.tgz",
            "integrity": "sha512-I7AIg5boAr5R0FFtJ6rCfD+LFsWHp81dolrFD8S79U9tb8Az2nGrJncnMSnys+bpQJfRUzqs9hnA81OAA3hCuQ==",
            "dev": true,
            "license": "MIT",
            "bin": {
                "prettier": "bin/prettier.cjs"
            },
            "engines": {
                "node": ">=14"
            },
            "funding": {
                "url": "https://github.com/prettier/prettier?sponsor=1"
            }
        },
        "node_modules/terminal-columns": {
            "version": "2.0.0",
            "resolved": "https://registry.npmjs.org/terminal-columns/-/terminal-columns-2.0.0.tgz",
            "integrity": "sha512-6IByuUjyNZJXUtwDNm+OIe62zgwwaRbH+WMNTcx05O2G5V9WhvluAAHJY8OvUdwmzMPpqAD/7EUpGdI6ae1aiQ==",
            "license": "MIT",
            "funding": {
                "url": "https://github.com/privatenumber/terminal-columns?sponsor=1"
            }
        },
        "node_modules/type-flag": {
            "version": "4.0.2",
            "resolved": "https://registry.npmjs.org/type-flag/-/type-flag-4.0.2.tgz",
            "integrity": "sha512-diALGSg9wBpvowixHbIeCJtXNxUKJHUNR8oE67K9zuPkpBe5FMmg+dpevDWmEwGQDmn/RJD3m7szs6Ssdz5A4w==",
            "license": "MIT",
            "funding": {
                "url": "https://github.com/privatenumber/type-flag?sponsor=1"
            }
        },
        "node_modules/typescript": {
            "version": "5.9.3",
            "resolved": "https://registry.npmjs.org/typescript/-/typescript-5.9.3.tgz",
            "integrity": "sha512-jl1vZzPDinLr9eUt3J/t7V6FgNEw9QjvBPdysz9KfQDD41fQrC2Y4vKQdiaUpFT4bXlb1RHhLpp8wtm6M5TgSw==",
            "dev": true,
            "license": "Apache-2.0",
            "bin": {
                "tsc": "bin/tsc",
                "tsserver": "bin/tsserver"
            },
            "engines": {
                "node": ">=14.17"
            }
        },
        "node_modules/undici-types": {
            "version": "7.16.0",
            "resolved": "https://registry.npmjs.org/undici-types/-/undici-types-7.16.0.tgz",
            "integrity": "sha512-Zz+aZWSj8LE6zoxD+xrjh4VfkIG8Ya6LvYkZqtUQGJPZjYl53ypCaUwWqo7eI0x66KBGeRo+mlBEkMSeSZ38Nw==",
            "dev": true,
            "license": "MIT"
        },
        "node_modules/which": {
            "version": "5.0.0",
            "resolved": "https://registry.npmjs.org/which/-/which-5.0.0.tgz",
            "integrity": "sha512-JEdGzHwwkrbWoGOlIHqQ5gtprKGOenpDHpxE9zVR1bWbOtYRyPPHMe9FaP6x61CmNaTThSkb0DAJte5jD+DmzQ==",
            "license": "ISC",
            "dependencies": {
                "isexe": "^3.1.1"
            },
            "bin": {
                "node-which": "bin/which.js"
            },
            "engines": {
                "node": "^18.17.0 || >=20.5.0"
            }
        },
        "node_modules/zod": {
            "version": "4.1.12",
            "resolved": "https://registry.npmjs.org/zod/-/zod-4.1.12.tgz",
            "integrity": "sha512-JInaHOamG8pt5+Ey8kGmdcAcg3OL9reK8ltczgHTAwNhMys/6ThXHityHxVV2p3fkw/c+MAvBHFVYHFZDmjMCQ==",
            "license": "MIT",
            "funding": {
                "url": "https://github.com/sponsors/colinhacks"
            }
        }
    }
}
