lockfileVersion: '9.0'

settings:
  autoInstallPeers: true
  excludeLinksFromLockfile: false

importers:

  .:
    dependencies:
      zod:
        specifier: ^4.1.12
        version: 4.1.12
    devDependencies:
      '@std/cli':
        specifier: jsr:^1.0.23
        version: '@jsr/std__cli@1.0.23'
      '@tsconfig/strictest':
        specifier: ^2.0.7
        version: 2.0.7
      '@types/node':
        specifier: ^24.10.0
        version: 24.10.0
      typescript:
        specifier: ^5.9.3
        version: 5.9.3

packages:

  '@jsr/std__cli@1.0.23':
    resolution: {integrity: sha512-PrgJfjc8O2XHZTxPYsD0iqY6d5qrqviEEIhQc6LLaumYCqohLkC5nkagRk76O8tJCiV9VKcrU4mrazO4AM3JWg==, tarball: https://npm.jsr.io/~/11/@jsr/std__cli/1.0.23.tgz}

  '@jsr/std__internal@1.0.12':
    resolution: {integrity: sha512-6xReMW9p+paJgqoFRpOE2nogJFvzPfaLHLIlyADYjKMUcwDyjKZxryIbgcU+gxiTygn8yCjld1HoI0ET4/iZeA==, tarball: https://npm.jsr.io/~/11/@jsr/std__internal/1.0.12.tgz}

  '@tsconfig/strictest@2.0.7':
    resolution: {integrity: sha512-lG1bXQloBVvQXasPBZSBaWbs7GNW4txZMYs7XMUVzM0s4seCbJACYBPFIRpGNVD3gC8gndK00AZON1uBrJt4Fw==}

  '@types/node@24.10.0':
    resolution: {integrity: sha512-qzQZRBqkFsYyaSWXuEHc2WR9c0a0CXwiE5FWUvn7ZM+vdy1uZLfCunD38UzhuB7YN/J11ndbDBcTmOdxJo9Q7A==}

  typescript@5.9.3:
    resolution: {integrity: sha512-jl1vZzPDinLr9eUt3J/t7V6FgNEw9QjvBPdysz9KfQDD41fQrC2Y4vKQdiaUpFT4bXlb1RHhLpp8wtm6M5TgSw==}
    engines: {node: '>=14.17'}
    hasBin: true

  undici-types@7.16.0:
    resolution: {integrity: sha512-Zz+aZWSj8LE6zoxD+xrjh4VfkIG8Ya6LvYkZqtUQGJPZjYl53ypCaUwWqo7eI0x66KBGeRo+mlBEkMSeSZ38Nw==}

  zod@4.1.12:
    resolution: {integrity: sha512-JInaHOamG8pt5+Ey8kGmdcAcg3OL9reK8ltczgHTAwNhMys/6ThXHityHxVV2p3fkw/c+MAvBHFVYHFZDmjMCQ==}

snapshots:

  '@jsr/std__cli@1.0.23':
    dependencies:
      '@jsr/std__internal': 1.0.12

  '@jsr/std__internal@1.0.12': {}

  '@tsconfig/strictest@2.0.7': {}

  '@types/node@24.10.0':
    dependencies:
      undici-types: 7.16.0

  typescript@5.9.3: {}

  undici-types@7.16.0: {}

  zod@4.1.12: {}
